
Microsoft Visual Studio Solution File, Format Version 12.00
# Visual Studio Version 17
VisualStudioVersion = 17.11.35312.102
MinimumVisualStudioVersion = 10.0.40219.1
Project("{888888A0-9F3D-457C-B088-3A5042F75D52}") = "module_9_7", "module_9_7.pyproj", "{B532E2E2-7209-49CF-9F11-4719EB33023D}"
EndProject
Global
	GlobalSection(SolutionConfigurationPlatforms) = preSolution
		Debug|Any CPU = Debug|Any CPU
		Release|Any CPU = Release|Any CPU
	EndGlobalSection
	GlobalSection(ProjectConfigurationPlatforms) = postSolution
		{B532E2E2-7209-49CF-9F11-4719EB33023D}.Debug|Any CPU.ActiveCfg = Debug|Any CPU
		{B532E2E2-7209-49CF-9F11-4719EB33023D}.Release|Any CPU.ActiveCfg = Release|Any CPU
	EndGlobalSection
	GlobalSection(SolutionProperties) = preSolution
		HideSolutionNode = FALSE
	EndGlobalSection
	GlobalSection(ExtensibilityGlobals) = postSolution
		SolutionGuid = {A5FC0985-8A14-41D4-B155-1349CE411A1D}
	EndGlobalSection
EndGlobal
